
Microsoft Visual Studio Solution File, Format Version 12.00
# Visual Studio 15
VisualStudioVersion = 15.0.27703.2026
MinimumVisualStudioVersion = 10.0.40219.1
Project("{262852C6-CD72-467D-83FE-5EEB1973A190}") = "TestCordovaQrCodeReader", "TestCordovaQrCodeReader\TestCordovaQrCodeReader.jsproj", "{EB632A4E-603F-42EB-8991-F4FA980B3354}"
EndProject
Global
	GlobalSection(SolutionConfigurationPlatforms) = preSolution
		Debug|Android = Debug|Android
		Debug|iOS = Debug|iOS
		Debug|Windows-ARM = Debug|Windows-ARM
		Debug|Windows-x64 = Debug|Windows-x64
		Debug|Windows-x86 = Debug|Windows-x86
		Release|Android = Release|Android
		Release|iOS = Release|iOS
		Release|Windows-ARM = Release|Windows-ARM
		Release|Windows-x64 = Release|Windows-x64
		Release|Windows-x86 = Release|Windows-x86
	EndGlobalSection
	GlobalSection(ProjectConfigurationPlatforms) = postSolution
		{EB632A4E-603F-42EB-8991-F4FA980B3354}.Debug|Android.ActiveCfg = Debug|Android
		{EB632A4E-603F-42EB-8991-F4FA980B3354}.Debug|Android.Build.0 = Debug|Android
		{EB632A4E-603F-42EB-8991-F4FA980B3354}.Debug|Android.Deploy.0 = Debug|Android
		{EB632A4E-603F-42EB-8991-F4FA980B3354}.Debug|iOS.ActiveCfg = Debug|iOS
		{EB632A4E-603F-42EB-8991-F4FA980B3354}.Debug|iOS.Build.0 = Debug|iOS
		{EB632A4E-603F-42EB-8991-F4FA980B3354}.Debug|iOS.Deploy.0 = Debug|iOS
		{EB632A4E-603F-42EB-8991-F4FA980B3354}.Debug|Windows-ARM.ActiveCfg = Debug|Windows-ARM
		{EB632A4E-603F-42EB-8991-F4FA980B3354}.Debug|Windows-ARM.Build.0 = Debug|Windows-ARM
		{EB632A4E-603F-42EB-8991-F4FA980B3354}.Debug|Windows-ARM.Deploy.0 = Debug|Windows-ARM
		{EB632A4E-603F-42EB-8991-F4FA980B3354}.Debug|Windows-x64.ActiveCfg = Debug|Windows-x64
		{EB632A4E-603F-42EB-8991-F4FA980B3354}.Debug|Windows-x64.Build.0 = Debug|Windows-x64
		{EB632A4E-603F-42EB-8991-F4FA980B3354}.Debug|Windows-x64.Deploy.0 = Debug|Windows-x64
		{EB632A4E-603F-42EB-8991-F4FA980B3354}.Debug|Windows-x86.ActiveCfg = Debug|Windows-x86
		{EB632A4E-603F-42EB-8991-F4FA980B3354}.Debug|Windows-x86.Build.0 = Debug|Windows-x86
		{EB632A4E-603F-42EB-8991-F4FA980B3354}.Debug|Windows-x86.Deploy.0 = Debug|Windows-x86
		{EB632A4E-603F-42EB-8991-F4FA980B3354}.Release|Android.ActiveCfg = Release|Android
		{EB632A4E-603F-42EB-8991-F4FA980B3354}.Release|Android.Build.0 = Release|Android
		{EB632A4E-603F-42EB-8991-F4FA980B3354}.Release|Android.Deploy.0 = Release|Android
		{EB632A4E-603F-42EB-8991-F4FA980B3354}.Release|iOS.ActiveCfg = Release|iOS
		{EB632A4E-603F-42EB-8991-F4FA980B3354}.Release|iOS.Build.0 = Release|iOS
		{EB632A4E-603F-42EB-8991-F4FA980B3354}.Release|iOS.Deploy.0 = Release|iOS
		{EB632A4E-603F-42EB-8991-F4FA980B3354}.Release|Windows-ARM.ActiveCfg = Release|Windows-ARM
		{EB632A4E-603F-42EB-8991-F4FA980B3354}.Release|Windows-ARM.Build.0 = Release|Windows-ARM
		{EB632A4E-603F-42EB-8991-F4FA980B3354}.Release|Windows-ARM.Deploy.0 = Release|Windows-ARM
		{EB632A4E-603F-42EB-8991-F4FA980B3354}.Release|Windows-x64.ActiveCfg = Release|Windows-x64
		{EB632A4E-603F-42EB-8991-F4FA980B3354}.Release|Windows-x64.Build.0 = Release|Windows-x64
		{EB632A4E-603F-42EB-8991-F4FA980B3354}.Release|Windows-x64.Deploy.0 = Release|Windows-x64
		{EB632A4E-603F-42EB-8991-F4FA980B3354}.Release|Windows-x86.ActiveCfg = Release|Windows-x86
		{EB632A4E-603F-42EB-8991-F4FA980B3354}.Release|Windows-x86.Build.0 = Release|Windows-x86
		{EB632A4E-603F-42EB-8991-F4FA980B3354}.Release|Windows-x86.Deploy.0 = Release|Windows-x86
	EndGlobalSection
	GlobalSection(SolutionProperties) = preSolution
		HideSolutionNode = FALSE
	EndGlobalSection
	GlobalSection(ExtensibilityGlobals) = postSolution
		SolutionGuid = {4DEA5D4F-B0B7-4FBC-8293-14857E069C81}
	EndGlobalSection
EndGlobal
